argon2-cffi==25.1.0
argon2-cffi-bindings==25.1.0
backports.zstd==1.7.0
blake3==1.0.9
borghash==0.2.0
borgstore==0.6.1
certifi==2026.7.22
cffi==2.1.1
charset-normalizer==3.5.1
idna==3.18
jsonargparse==4.50.0
msgpack==1.2.1
packaging==26.3
platformdirs==4.11.3
pycparser==3.0
PyYAML==6.0.3
requests==2.34.2
setuptools==84.0.0
setuptools-scm==10.2.1
shtab==1.11.0
urllib3==2.7.0
vcs-versioning==2.2.4
wheel==0.48.0
